// !$*UTF8*$!
{
	archiveVersion = 1;
	classes = {
	};
	objectVersion = 46;
	objects = {

/* Begin PBXBuildFile section */
		84A7C90C19F726D300761AAC /* CoreLocation.framework in Frameworks */ = {isa = PBXBuildFile; fileRef = 84A7C90B19F726D300761AAC /* CoreLocation.framework */; };
		84FDA0F619F34E89009E9231 /* Default-568h@2x.png in Resources */ = {isa = PBXBuildFile; fileRef = 84FDA0F419F34E89009E9231 /* Default-568h@2x.png */; };
		84FDA0F719F34E89009E9231 /* icon.png in Resources */ = {isa = PBXBuildFile; fileRef = 84FDA0F519F34E89009E9231 /* icon.png */; };
		929DE79B14AB571800B9CCFF /* UIKit.framework in Frameworks */ = {isa = PBXBuildFile; fileRef = 929DE79A14AB571800B9CCFF /* UIKit.framework */; };
		929DE79D14AB571800B9CCFF /* Foundation.framework in Frameworks */ = {isa = PBXBuildFile; fileRef = 929DE79C14AB571800B9CCFF /* Foundation.framework */; };
		929DE79F14AB571800B9CCFF /* CoreGraphics.framework in Frameworks */ = {isa = PBXBuildFile; fileRef = 929DE79E14AB571800B9CCFF /* CoreGraphics.framework */; };
		929DE7A514AB571800B9CCFF /* InfoPlist.strings in Resources */ = {isa = PBXBuildFile; fileRef = 929DE7A314AB571800B9CCFF /* InfoPlist.strings */; };
		929DE7A714AB571800B9CCFF /* main.m in Sources */ = {isa = PBXBuildFile; fileRef = 929DE7A614AB571800B9CCFF /* main.m */; };
		929DE7AE14AB571800B9CCFF /* MainStoryboard_iPhone.storyboard in Resources */ = {isa = PBXBuildFile; fileRef = 929DE7AC14AB571800B9CCFF /* MainStoryboard_iPhone.storyboard */; };
		929DE7B114AB571800B9CCFF /* MainStoryboard_iPad.storyboard in Resources */ = {isa = PBXBuildFile; fileRef = 929DE7AF14AB571800B9CCFF /* MainStoryboard_iPad.storyboard */; };
		929DE7BD14AB571800B9CCFF /* UIKit.framework in Frameworks */ = {isa = PBXBuildFile; fileRef = 929DE79A14AB571800B9CCFF /* UIKit.framework */; };
		929DE7BE14AB571800B9CCFF /* Foundation.framework in Frameworks */ = {isa = PBXBuildFile; fileRef = 929DE79C14AB571800B9CCFF /* Foundation.framework */; };
		929DE7C614AB571800B9CCFF /* InfoPlist.strings in Resources */ = {isa = PBXBuildFile; fileRef = 929DE7C414AB571800B9CCFF /* InfoPlist.strings */; };
		929DE7C914AB571800B9CCFF /* @@PROJECT_NAME@@Tests.m in Sources */ = {isa = PBXBuildFile; fileRef = 929DE7C814AB571800B9CCFF /* @@PROJECT_NAME@@Tests.m */; };
		929DE7DF14AB57CC00B9CCFF /* libz.dylib in Frameworks */ = {isa = PBXBuildFile; fileRef = 929DE7DE14AB57CC00B9CCFF /* libz.dylib */; };
		929DE7EC14AB58CC00B9CCFF /* OmSlicLoginViewController.xib in Resources */ = {isa = PBXBuildFile; fileRef = 929DE7E914AB58CC00B9CCFF /* OmSlicLoginViewController.xib */; };
		929DE7ED14AB58CC00B9CCFF /* OmSlicViewController.xib in Resources */ = {isa = PBXBuildFile; fileRef = 929DE7EA14AB58CC00B9CCFF /* OmSlicViewController.xib */; };
		929DE7FC14AB590100B9CCFF /* OmSlicAppDelegate.m in Sources */ = {isa = PBXBuildFile; fileRef = 929DE7EE14AB590100B9CCFF /* OmSlicAppDelegate.m */; };
		929DE7FD14AB590100B9CCFF /* OmSlicLoginViewController.m in Sources */ = {isa = PBXBuildFile; fileRef = 929DE7F014AB590100B9CCFF /* OmSlicLoginViewController.m */; };
		929DE7FE14AB590100B9CCFF /* storage.m in Sources */ = {isa = PBXBuildFile; fileRef = 929DE7F114AB590100B9CCFF /* storage.m */; };
		929DE7FF14AB590100B9CCFF /* OmSlicViewController.m in Sources */ = {isa = PBXBuildFile; fileRef = 929DE7F214AB590100B9CCFF /* OmSlicViewController.m */; };
		929DE80014AB590100B9CCFF /* OmSlicJsApiProtcol.m in Sources */ = {isa = PBXBuildFile; fileRef = 929DE7F414AB590100B9CCFF /* OmSlicJsApiProtcol.m */; };
		929DE80114AB590100B9CCFF /* OmSlicConnectionHandler.m in Sources */ = {isa = PBXBuildFile; fileRef = 929DE7F714AB590100B9CCFF /* OmSlicConnectionHandler.m */; };
		929DE80214AB590100B9CCFF /* network.m in Sources */ = {isa = PBXBuildFile; fileRef = 929DE7F814AB590100B9CCFF /* network.m */; };
		929DE80314AB590100B9CCFF /* props.m in Sources */ = {isa = PBXBuildFile; fileRef = 929DE7FA14AB590100B9CCFF /* props.m */; };
		929DE80414AB590100B9CCFF /* prefs.m in Sources */ = {isa = PBXBuildFile; fileRef = 929DE7FB14AB590100B9CCFF /* prefs.m */; };
		929DE81614AB593900B9CCFF /* update.c in Sources */ = {isa = PBXBuildFile; fileRef = 929DE80714AB593900B9CCFF /* update.c */; };
		929DE81714AB593900B9CCFF /* storage.c in Sources */ = {isa = PBXBuildFile; fileRef = 929DE80814AB593900B9CCFF /* storage.c */; };
		929DE81814AB593900B9CCFF /* storage-default.c in Sources */ = {isa = PBXBuildFile; fileRef = 929DE80914AB593900B9CCFF /* storage-default.c */; };
		929DE81914AB593900B9CCFF /* config.c in Sources */ = {isa = PBXBuildFile; fileRef = 929DE80A14AB593900B9CCFF /* config.c */; };
		929DE81A14AB593900B9CCFF /* list.c in Sources */ = {isa = PBXBuildFile; fileRef = 929DE80B14AB593900B9CCFF /* list.c */; };
		929DE81B14AB593900B9CCFF /* string.c in Sources */ = {isa = PBXBuildFile; fileRef = 929DE80C14AB593900B9CCFF /* string.c */; };
		929DE81C14AB593900B9CCFF /* dict.c in Sources */ = {isa = PBXBuildFile; fileRef = 929DE80D14AB593900B9CCFF /* dict.c */; };
		929DE81D14AB593900B9CCFF /* digest.c in Sources */ = {isa = PBXBuildFile; fileRef = 929DE80E14AB593900B9CCFF /* digest.c */; };
		929DE81E14AB593900B9CCFF /* zip.c in Sources */ = {isa = PBXBuildFile; fileRef = 929DE80F14AB593900B9CCFF /* zip.c */; };
		929DE81F14AB593900B9CCFF /* mem.c in Sources */ = {isa = PBXBuildFile; fileRef = 929DE81014AB593900B9CCFF /* mem.c */; };
		929DE82014AB593900B9CCFF /* openmeap-slic-core.c in Sources */ = {isa = PBXBuildFile; fileRef = 929DE81114AB593900B9CCFF /* openmeap-slic-core.c */; };
		929DE82114AB593900B9CCFF /* error.c in Sources */ = {isa = PBXBuildFile; fileRef = 929DE81214AB593900B9CCFF /* error.c */; };
		929DE82214AB593900B9CCFF /* network.c in Sources */ = {isa = PBXBuildFile; fileRef = 929DE81314AB593900B9CCFF /* network.c */; };
		929DE82314AB593900B9CCFF /* prefs.c in Sources */ = {isa = PBXBuildFile; fileRef = 929DE81414AB593900B9CCFF /* prefs.c */; };
		929DE82414AB593900B9CCFF /* props.c in Sources */ = {isa = PBXBuildFile; fileRef = 929DE81514AB593900B9CCFF /* props.c */; };
		929DE82914AB598900B9CCFF /* unzip.c in Sources */ = {isa = PBXBuildFile; fileRef = 929DE82614AB598900B9CCFF /* unzip.c */; };
		929DE82A14AB598900B9CCFF /* zip.c in Sources */ = {isa = PBXBuildFile; fileRef = 929DE82714AB598900B9CCFF /* zip.c */; };
		929DE82B14AB598900B9CCFF /* ioapi.c in Sources */ = {isa = PBXBuildFile; fileRef = 929DE82814AB598900B9CCFF /* ioapi.c */; };
		929DE83214AB59B500B9CCFF /* cJSON.c in Sources */ = {isa = PBXBuildFile; fileRef = 929DE83014AB59B500B9CCFF /* cJSON.c */; };
		929DE83614AB59CF00B9CCFF /* sha1.c in Sources */ = {isa = PBXBuildFile; fileRef = 929DE83514AB59CF00B9CCFF /* sha1.c */; };
		929DE83A14AB59EA00B9CCFF /* md5.c in Sources */ = {isa = PBXBuildFile; fileRef = 929DE83914AB59EA00B9CCFF /* md5.c */; };
		929DE83F14AB5B8700B9CCFF /* openmeap-ios-api.js in Resources */ = {isa = PBXBuildFile; fileRef = 929DE80514AB591C00B9CCFF /* openmeap-ios-api.js */; };
		929DE85114AB60E300B9CCFF /* original in Resources */ = {isa = PBXBuildFile; fileRef = 929DE85014AB60E200B9CCFF /* original */; };
		929DE85414AB63D200B9CCFF /* slic-config.plist in Resources */ = {isa = PBXBuildFile; fileRef = 929DE85314AB63D200B9CCFF /* slic-config.plist */; };
/* End PBXBuildFile section */

/* Begin PBXContainerItemProxy section */
		929DE7BF14AB571800B9CCFF /* PBXContainerItemProxy */ = {
			isa = PBXContainerItemProxy;
			containerPortal = 929DE78D14AB571800B9CCFF /* Project object */;
			proxyType = 1;
			remoteGlobalIDString = 929DE79514AB571800B9CCFF;
			remoteInfo = @@PROJECT_NAME@@;
		};
/* End PBXContainerItemProxy section */

/* Begin PBXFileReference section */
		84A7C90B19F726D300761AAC /* CoreLocation.framework */ = {isa = PBXFileReference; lastKnownFileType = wrapper.framework; name = CoreLocation.framework; path = System/Library/Frameworks/CoreLocation.framework; sourceTree = SDKROOT; };
		84FDA0F419F34E89009E9231 /* Default-568h@2x.png */ = {isa = PBXFileReference; lastKnownFileType = image.png; path = "Default-568h@2x.png"; sourceTree = "<group>"; };
		84FDA0F519F34E89009E9231 /* icon.png */ = {isa = PBXFileReference; lastKnownFileType = image.png; path = icon.png; sourceTree = "<group>"; };
		929DE79614AB571800B9CCFF /* @@PROJECT_NAME@@.app */ = {isa = PBXFileReference; explicitFileType = wrapper.application; includeInIndex = 0; path = @@PROJECT_NAME@@.app; sourceTree = BUILT_PRODUCTS_DIR; };
		929DE79A14AB571800B9CCFF /* UIKit.framework */ = {isa = PBXFileReference; lastKnownFileType = wrapper.framework; name = UIKit.framework; path = System/Library/Frameworks/UIKit.framework; sourceTree = SDKROOT; };
		929DE79C14AB571800B9CCFF /* Foundation.framework */ = {isa = PBXFileReference; lastKnownFileType = wrapper.framework; name = Foundation.framework; path = System/Library/Frameworks/Foundation.framework; sourceTree = SDKROOT; };
		929DE79E14AB571800B9CCFF /* CoreGraphics.framework */ = {isa = PBXFileReference; lastKnownFileType = wrapper.framework; name = CoreGraphics.framework; path = System/Library/Frameworks/CoreGraphics.framework; sourceTree = SDKROOT; };
		929DE7A214AB571800B9CCFF /* @@PROJECT_NAME@@-Info.plist */ = {isa = PBXFileReference; lastKnownFileType = text.plist.xml; path = "@@PROJECT_NAME@@-Info.plist"; sourceTree = "<group>"; };
		929DE7A414AB571800B9CCFF /* en */ = {isa = PBXFileReference; lastKnownFileType = text.plist.strings; name = en; path = en.lproj/InfoPlist.strings; sourceTree = "<group>"; };
		929DE7A614AB571800B9CCFF /* main.m */ = {isa = PBXFileReference; lastKnownFileType = sourcecode.c.objc; path = main.m; sourceTree = "<group>"; };
		929DE7A814AB571800B9CCFF /* @@PROJECT_NAME@@-Prefix.pch */ = {isa = PBXFileReference; lastKnownFileType = sourcecode.c.h; path = "@@PROJECT_NAME@@-Prefix.pch"; sourceTree = "<group>"; };
		929DE7AD14AB571800B9CCFF /* en */ = {isa = PBXFileReference; lastKnownFileType = file.storyboard; name = en; path = en.lproj/MainStoryboard_iPhone.storyboard; sourceTree = "<group>"; };
		929DE7B014AB571800B9CCFF /* en */ = {isa = PBXFileReference; lastKnownFileType = file.storyboard; name = en; path = en.lproj/MainStoryboard_iPad.storyboard; sourceTree = "<group>"; };
		929DE7BA14AB571800B9CCFF /* @@PROJECT_NAME@@Tests.xctest */ = {isa = PBXFileReference; explicitFileType = wrapper.cfbundle; includeInIndex = 0; path = @@PROJECT_NAME@@Tests.xctest; sourceTree = BUILT_PRODUCTS_DIR; };
		929DE7C314AB571800B9CCFF /* @@PROJECT_NAME@@Tests-Info.plist */ = {isa = PBXFileReference; lastKnownFileType = text.plist.xml; path = "@@PROJECT_NAME@@Tests-Info.plist"; sourceTree = "<group>"; };
		929DE7C514AB571800B9CCFF /* en */ = {isa = PBXFileReference; lastKnownFileType = text.plist.strings; name = en; path = en.lproj/InfoPlist.strings; sourceTree = "<group>"; };
		929DE7C714AB571800B9CCFF /* @@PROJECT_NAME@@Tests.h */ = {isa = PBXFileReference; lastKnownFileType = sourcecode.c.h; path = @@PROJECT_NAME@@Tests.h; sourceTree = "<group>"; };
		929DE7C814AB571800B9CCFF /* @@PROJECT_NAME@@Tests.m */ = {isa = PBXFileReference; lastKnownFileType = sourcecode.c.objc; path = @@PROJECT_NAME@@Tests.m; sourceTree = "<group>"; };
		929DE7DE14AB57CC00B9CCFF /* libz.dylib */ = {isa = PBXFileReference; lastKnownFileType = "compiled.mach-o.dylib"; name = libz.dylib; path = usr/lib/libz.dylib; sourceTree = SDKROOT; };
		929DE7E914AB58CC00B9CCFF /* OmSlicLoginViewController.xib */ = {isa = PBXFileReference; fileEncoding = 4; lastKnownFileType = file.xib; name = OmSlicLoginViewController.xib; path = "@@OPENMEAP_HOME@@/clients/c/openmeap-slic-ios/OmSlicLoginViewController.xib"; sourceTree = "<group>"; };
		929DE7EA14AB58CC00B9CCFF /* OmSlicViewController.xib */ = {isa = PBXFileReference; fileEncoding = 4; lastKnownFileType = file.xib; name = OmSlicViewController.xib; path = "@@OPENMEAP_HOME@@/clients/c/openmeap-slic-ios/OmSlicViewController.xib"; sourceTree = "<group>"; };
		929DE7EE14AB590100B9CCFF /* OmSlicAppDelegate.m */ = {isa = PBXFileReference; fileEncoding = 4; lastKnownFileType = sourcecode.c.objc; name = OmSlicAppDelegate.m; path = "@@OPENMEAP_HOME@@/clients/c/openmeap-slic-ios/src/c/OmSlicAppDelegate.m"; sourceTree = "<group>"; };
		929DE7EF14AB590100B9CCFF /* OmSlicLoginViewController.h */ = {isa = PBXFileReference; fileEncoding = 4; lastKnownFileType = sourcecode.c.h; name = OmSlicLoginViewController.h; path = "@@OPENMEAP_HOME@@/clients/c/openmeap-slic-ios/src/c/OmSlicLoginViewController.h"; sourceTree = "<group>"; };
		929DE7F014AB590100B9CCFF /* OmSlicLoginViewController.m */ = {isa = PBXFileReference; fileEncoding = 4; lastKnownFileType = sourcecode.c.objc; name = OmSlicLoginViewController.m; path = "@@OPENMEAP_HOME@@/clients/c/openmeap-slic-ios/src/c/OmSlicLoginViewController.m"; sourceTree = "<group>"; };
		929DE7F114AB590100B9CCFF /* storage.m */ = {isa = PBXFileReference; fileEncoding = 4; lastKnownFileType = sourcecode.c.objc; name = storage.m; path = "@@OPENMEAP_HOME@@/clients/c/openmeap-slic-ios/src/c/storage.m"; sourceTree = "<group>"; };
		929DE7F214AB590100B9CCFF /* OmSlicViewController.m */ = {isa = PBXFileReference; fileEncoding = 4; lastKnownFileType = sourcecode.c.objc; name = OmSlicViewController.m; path = "@@OPENMEAP_HOME@@/clients/c/openmeap-slic-ios/src/c/OmSlicViewController.m"; sourceTree = "<group>"; };
		929DE7F314AB590100B9CCFF /* OmSlicAppDelegate.h */ = {isa = PBXFileReference; fileEncoding = 4; lastKnownFileType = sourcecode.c.h; name = OmSlicAppDelegate.h; path = "@@OPENMEAP_HOME@@/clients/c/openmeap-slic-ios/src/c/OmSlicAppDelegate.h"; sourceTree = "<group>"; };
		929DE7F414AB590100B9CCFF /* OmSlicJsApiProtcol.m */ = {isa = PBXFileReference; fileEncoding = 4; lastKnownFileType = sourcecode.c.objc; name = OmSlicJsApiProtcol.m; path = "@@OPENMEAP_HOME@@/clients/c/openmeap-slic-ios/src/c/OmSlicJsApiProtcol.m"; sourceTree = "<group>"; };
		929DE7F514AB590100B9CCFF /* OmSlicViewController.h */ = {isa = PBXFileReference; fileEncoding = 4; lastKnownFileType = sourcecode.c.h; name = OmSlicViewController.h; path = "@@OPENMEAP_HOME@@/clients/c/openmeap-slic-ios/src/c/OmSlicViewController.h"; sourceTree = "<group>"; };
		929DE7F614AB590100B9CCFF /* OmSlicConnectionHandler.h */ = {isa = PBXFileReference; fileEncoding = 4; lastKnownFileType = sourcecode.c.h; name = OmSlicConnectionHandler.h; path = "@@OPENMEAP_HOME@@/clients/c/openmeap-slic-ios/src/c/OmSlicConnectionHandler.h"; sourceTree = "<group>"; };
		929DE7F714AB590100B9CCFF /* OmSlicConnectionHandler.m */ = {isa = PBXFileReference; fileEncoding = 4; lastKnownFileType = sourcecode.c.objc; name = OmSlicConnectionHandler.m; path = "@@OPENMEAP_HOME@@/clients/c/openmeap-slic-ios/src/c/OmSlicConnectionHandler.m"; sourceTree = "<group>"; };
		929DE7F814AB590100B9CCFF /* network.m */ = {isa = PBXFileReference; fileEncoding = 4; lastKnownFileType = sourcecode.c.objc; name = network.m; path = "@@OPENMEAP_HOME@@/clients/c/openmeap-slic-ios/src/c/network.m"; sourceTree = "<group>"; };
		929DE7F914AB590100B9CCFF /* OmSlicJsApiProtocol.h */ = {isa = PBXFileReference; fileEncoding = 4; lastKnownFileType = sourcecode.c.h; name = OmSlicJsApiProtocol.h; path = "@@OPENMEAP_HOME@@/clients/c/openmeap-slic-ios/src/c/OmSlicJsApiProtocol.h"; sourceTree = "<group>"; };
		929DE7FA14AB590100B9CCFF /* props.m */ = {isa = PBXFileReference; fileEncoding = 4; lastKnownFileType = sourcecode.c.objc; name = props.m; path = "@@OPENMEAP_HOME@@/clients/c/openmeap-slic-ios/src/c/props.m"; sourceTree = "<group>"; };
		929DE7FB14AB590100B9CCFF /* prefs.m */ = {isa = PBXFileReference; fileEncoding = 4; lastKnownFileType = sourcecode.c.objc; name = prefs.m; path = "@@OPENMEAP_HOME@@/clients/c/openmeap-slic-ios/src/c/prefs.m"; sourceTree = "<group>"; };
		929DE80514AB591C00B9CCFF /* openmeap-ios-api.js */ = {isa = PBXFileReference; fileEncoding = 4; lastKnownFileType = sourcecode.javascript; name = "openmeap-ios-api.js"; path = "@@OPENMEAP_HOME@@/clients/c/openmeap-slic-ios/src/js/openmeap-ios-api.js"; sourceTree = "<group>"; };
		929DE80714AB593900B9CCFF /* update.c */ = {isa = PBXFileReference; fileEncoding = 4; lastKnownFileType = sourcecode.c.c; name = update.c; path = "@@OPENMEAP_HOME@@/clients/c/openmeap-slic-core/src/update.c"; sourceTree = "<group>"; };
		929DE80814AB593900B9CCFF /* storage.c */ = {isa = PBXFileReference; fileEncoding = 4; lastKnownFileType = sourcecode.c.c; name = storage.c; path = "@@OPENMEAP_HOME@@/clients/c/openmeap-slic-core/src/storage.c"; sourceTree = "<group>"; };
		929DE80914AB593900B9CCFF /* storage-default.c */ = {isa = PBXFileReference; fileEncoding = 4; lastKnownFileType = sourcecode.c.c; name = "storage-default.c"; path = "@@OPENMEAP_HOME@@/clients/c/openmeap-slic-core/src/storage-default.c"; sourceTree = "<group>"; };
		929DE80A14AB593900B9CCFF /* config.c */ = {isa = PBXFileReference; fileEncoding = 4; lastKnownFileType = sourcecode.c.c; name = config.c; path = "@@OPENMEAP_HOME@@/clients/c/openmeap-slic-core/src/config.c"; sourceTree = "<group>"; };
		929DE80B14AB593900B9CCFF /* list.c */ = {isa = PBXFileReference; fileEncoding = 4; lastKnownFileType = sourcecode.c.c; name = list.c; path = "@@OPENMEAP_HOME@@/clients/c/openmeap-slic-core/src/list.c"; sourceTree = "<group>"; };
		929DE80C14AB593900B9CCFF /* string.c */ = {isa = PBXFileReference; fileEncoding = 4; lastKnownFileType = sourcecode.c.c; name = string.c; path = "@@OPENMEAP_HOME@@/clients/c/openmeap-slic-core/src/string.c"; sourceTree = "<group>"; };
		929DE80D14AB593900B9CCFF /* dict.c */ = {isa = PBXFileReference; fileEncoding = 4; lastKnownFileType = sourcecode.c.c; name = dict.c; path = "@@OPENMEAP_HOME@@/clients/c/openmeap-slic-core/src/dict.c"; sourceTree = "<group>"; };
		929DE80E14AB593900B9CCFF /* digest.c */ = {isa = PBXFileReference; fileEncoding = 4; lastKnownFileType = sourcecode.c.c; name = digest.c; path = "@@OPENMEAP_HOME@@/clients/c/openmeap-slic-core/src/digest.c"; sourceTree = "<group>"; };
		929DE80F14AB593900B9CCFF /* zip.c */ = {isa = PBXFileReference; fileEncoding = 4; lastKnownFileType = sourcecode.c.c; name = zip.c; path = "@@OPENMEAP_HOME@@/clients/c/openmeap-slic-core/src/zip.c"; sourceTree = "<group>"; };
		929DE81014AB593900B9CCFF /* mem.c */ = {isa = PBXFileReference; fileEncoding = 4; lastKnownFileType = sourcecode.c.c; name = mem.c; path = "@@OPENMEAP_HOME@@/clients/c/openmeap-slic-core/src/mem.c"; sourceTree = "<group>"; };
		929DE81114AB593900B9CCFF /* openmeap-slic-core.c */ = {isa = PBXFileReference; fileEncoding = 4; lastKnownFileType = sourcecode.c.c; name = "openmeap-slic-core.c"; path = "@@OPENMEAP_HOME@@/clients/c/openmeap-slic-core/src/openmeap-slic-core.c"; sourceTree = "<group>"; };
		929DE81214AB593900B9CCFF /* error.c */ = {isa = PBXFileReference; fileEncoding = 4; lastKnownFileType = sourcecode.c.c; name = error.c; path = "@@OPENMEAP_HOME@@/clients/c/openmeap-slic-core/src/error.c"; sourceTree = "<group>"; };
		929DE81314AB593900B9CCFF /* network.c */ = {isa = PBXFileReference; fileEncoding = 4; lastKnownFileType = sourcecode.c.c; name = network.c; path = "@@OPENMEAP_HOME@@/clients/c/openmeap-slic-core/src/network.c"; sourceTree = "<group>"; };
		929DE81414AB593900B9CCFF /* prefs.c */ = {isa = PBXFileReference; fileEncoding = 4; lastKnownFileType = sourcecode.c.c; name = prefs.c; path = "@@OPENMEAP_HOME@@/clients/c/openmeap-slic-core/src/prefs.c"; sourceTree = "<group>"; };
		929DE81514AB593900B9CCFF /* props.c */ = {isa = PBXFileReference; fileEncoding = 4; lastKnownFileType = sourcecode.c.c; name = props.c; path = "@@OPENMEAP_HOME@@/clients/c/openmeap-slic-core/src/props.c"; sourceTree = "<group>"; };
		929DE82614AB598900B9CCFF /* unzip.c */ = {isa = PBXFileReference; fileEncoding = 4; lastKnownFileType = sourcecode.c.c; name = unzip.c; path = "@@OPENMEAP_HOME@@/clients/c/openmeap-slic-core/3rd_party/minzip-1.01h/unzip.c"; sourceTree = "<group>"; };
		929DE82714AB598900B9CCFF /* zip.c */ = {isa = PBXFileReference; fileEncoding = 4; lastKnownFileType = sourcecode.c.c; name = zip.c; path = "@@OPENMEAP_HOME@@/clients/c/openmeap-slic-core/3rd_party/minzip-1.01h/zip.c"; sourceTree = "<group>"; };
		929DE82814AB598900B9CCFF /* ioapi.c */ = {isa = PBXFileReference; fileEncoding = 4; lastKnownFileType = sourcecode.c.c; name = ioapi.c; path = "@@OPENMEAP_HOME@@/clients/c/openmeap-slic-core/3rd_party/minzip-1.01h/ioapi.c"; sourceTree = "<group>"; };
		929DE82C14AB599C00B9CCFF /* zip.h */ = {isa = PBXFileReference; fileEncoding = 4; lastKnownFileType = sourcecode.c.h; name = zip.h; path = "@@OPENMEAP_HOME@@/clients/c/openmeap-slic-core/3rd_party/minzip-1.01h/zip.h"; sourceTree = "<group>"; };
		929DE82D14AB599C00B9CCFF /* unzip.h */ = {isa = PBXFileReference; fileEncoding = 4; lastKnownFileType = sourcecode.c.h; name = unzip.h; path = "@@OPENMEAP_HOME@@/clients/c/openmeap-slic-core/3rd_party/minzip-1.01h/unzip.h"; sourceTree = "<group>"; };
		929DE82E14AB599C00B9CCFF /* ioapi.h */ = {isa = PBXFileReference; fileEncoding = 4; lastKnownFileType = sourcecode.c.h; name = ioapi.h; path = "@@OPENMEAP_HOME@@/clients/c/openmeap-slic-core/3rd_party/minzip-1.01h/ioapi.h"; sourceTree = "<group>"; };
		929DE83014AB59B500B9CCFF /* cJSON.c */ = {isa = PBXFileReference; fileEncoding = 4; lastKnownFileType = sourcecode.c.c; name = cJSON.c; path = "@@OPENMEAP_HOME@@/clients/c/openmeap-slic-core/3rd_party/cJSON/cJSON.c"; sourceTree = "<group>"; };
		929DE83114AB59B500B9CCFF /* cJSON.h */ = {isa = PBXFileReference; fileEncoding = 4; lastKnownFileType = sourcecode.c.h; name = cJSON.h; path = "@@OPENMEAP_HOME@@/clients/c/openmeap-slic-core/3rd_party/cJSON/cJSON.h"; sourceTree = "<group>"; };
		929DE83414AB59CF00B9CCFF /* sha1.h */ = {isa = PBXFileReference; fileEncoding = 4; lastKnownFileType = sourcecode.c.h; name = sha1.h; path = "@@OPENMEAP_HOME@@/clients/c/openmeap-slic-core/3rd_party/digest-sha1/sha1.h"; sourceTree = "<group>"; };
		929DE83514AB59CF00B9CCFF /* sha1.c */ = {isa = PBXFileReference; fileEncoding = 4; lastKnownFileType = sourcecode.c.c; name = sha1.c; path = "@@OPENMEAP_HOME@@/clients/c/openmeap-slic-core/3rd_party/digest-sha1/sha1.c"; sourceTree = "<group>"; };
		929DE83814AB59EA00B9CCFF /* md5.h */ = {isa = PBXFileReference; fileEncoding = 4; lastKnownFileType = sourcecode.c.h; name = md5.h; path = "@@OPENMEAP_HOME@@/clients/c/openmeap-slic-core/3rd_party/digest-md5/md5.h"; sourceTree = "<group>"; };
		929DE83914AB59EA00B9CCFF /* md5.c */ = {isa = PBXFileReference; fileEncoding = 4; lastKnownFileType = sourcecode.c.c; name = md5.c; path = "@@OPENMEAP_HOME@@/clients/c/openmeap-slic-core/3rd_party/digest-md5/md5.c"; sourceTree = "<group>"; };
		929DE85014AB60E200B9CCFF /* original */ = {isa = PBXFileReference; lastKnownFileType = folder; name = original; path = ../original; sourceTree = "<group>"; };
		929DE85314AB63D200B9CCFF /* slic-config.plist */ = {isa = PBXFileReference; fileEncoding = 4; lastKnownFileType = text.plist.xml; path = "slic-config.plist"; sourceTree = "<group>"; };
/* End PBXFileReference section */

/* Begin PBXFrameworksBuildPhase section */
		929DE79314AB571800B9CCFF /* Frameworks */ = {
			isa = PBXFrameworksBuildPhase;
			buildActionMask = 2147483647;
			files = (
				84A7C90C19F726D300761AAC /* CoreLocation.framework in Frameworks */,
				929DE7DF14AB57CC00B9CCFF /* libz.dylib in Frameworks */,
				929DE79B14AB571800B9CCFF /* UIKit.framework in Frameworks */,
				929DE79D14AB571800B9CCFF /* Foundation.framework in Frameworks */,
				929DE79F14AB571800B9CCFF /* CoreGraphics.framework in Frameworks */,
			);
			runOnlyForDeploymentPostprocessing = 0;
		};
		929DE7B614AB571800B9CCFF /* Frameworks */ = {
			isa = PBXFrameworksBuildPhase;
			buildActionMask = 2147483647;
			files = (
				929DE7BD14AB571800B9CCFF /* UIKit.framework in Frameworks */,
				929DE7BE14AB571800B9CCFF /* Foundation.framework in Frameworks */,
			);
			runOnlyForDeploymentPostprocessing = 0;
		};
/* End PBXFrameworksBuildPhase section */

/* Begin PBXGroup section */
		929DE78B14AB571800B9CCFF = {
			isa = PBXGroup;
			children = (
				929DE7E114AB582D00B9CCFF /* @@PROJECT_NAME@@ */,
				929DE7A014AB571800B9CCFF /* @@PROJECT_NAME@@ */,
				929DE7C114AB571800B9CCFF /* @@PROJECT_NAME@@Tests */,
				929DE79914AB571800B9CCFF /* Frameworks */,
				929DE79714AB571800B9CCFF /* Products */,
			);
			sourceTree = "<group>";
		};
		929DE79714AB571800B9CCFF /* Products */ = {
			isa = PBXGroup;
			children = (
				929DE79614AB571800B9CCFF /* @@PROJECT_NAME@@.app */,
				929DE7BA14AB571800B9CCFF /* @@PROJECT_NAME@@Tests.xctest */,
			);
			name = Products;
			sourceTree = "<group>";
		};
		929DE79914AB571800B9CCFF /* Frameworks */ = {
			isa = PBXGroup;
			children = (
				84A7C90B19F726D300761AAC /* CoreLocation.framework */,
				929DE79A14AB571800B9CCFF /* UIKit.framework */,
				929DE79C14AB571800B9CCFF /* Foundation.framework */,
				929DE79E14AB571800B9CCFF /* CoreGraphics.framework */,
			);
			name = Frameworks;
			sourceTree = "<group>";
		};
		929DE7A014AB571800B9CCFF /* @@PROJECT_NAME@@ */ = {
			isa = PBXGroup;
			children = (
				929DE7AC14AB571800B9CCFF /* MainStoryboard_iPhone.storyboard */,
				929DE7AF14AB571800B9CCFF /* MainStoryboard_iPad.storyboard */,
				929DE7A114AB571800B9CCFF /* Supporting Files */,
			);
			path = @@PROJECT_NAME@@;
			sourceTree = "<group>";
		};
		929DE7A114AB571800B9CCFF /* Supporting Files */ = {
			isa = PBXGroup;
			children = (
				929DE85314AB63D200B9CCFF /* slic-config.plist */,
				929DE85014AB60E200B9CCFF /* original */,
				929DE7A214AB571800B9CCFF /* @@PROJECT_NAME@@-Info.plist */,
				929DE7A314AB571800B9CCFF /* InfoPlist.strings */,
				929DE7A614AB571800B9CCFF /* main.m */,
				929DE7A814AB571800B9CCFF /* @@PROJECT_NAME@@-Prefix.pch */,
			);
			name = "Supporting Files";
			sourceTree = "<group>";
		};
		929DE7C114AB571800B9CCFF /* @@PROJECT_NAME@@Tests */ = {
			isa = PBXGroup;
			children = (
				929DE7C714AB571800B9CCFF /* @@PROJECT_NAME@@Tests.h */,
				929DE7C814AB571800B9CCFF /* @@PROJECT_NAME@@Tests.m */,
				929DE7C214AB571800B9CCFF /* Supporting Files */,
			);
			path = @@PROJECT_NAME@@Tests;
			sourceTree = "<group>";
		};
		929DE7C214AB571800B9CCFF /* Supporting Files */ = {
			isa = PBXGroup;
			children = (
				929DE7C314AB571800B9CCFF /* @@PROJECT_NAME@@Tests-Info.plist */,
				929DE7C414AB571800B9CCFF /* InfoPlist.strings */,
			);
			name = "Supporting Files";
			sourceTree = "<group>";
		};
		929DE7E114AB582D00B9CCFF /* @@PROJECT_NAME@@ */ = {
			isa = PBXGroup;
			children = (
				929DE7E714AB589000B9CCFF /* Resources */,
				929DE7E614AB587D00B9CCFF /* Source */,
				929DE7E514AB585E00B9CCFF /* Libraries */,
			);
			name = @@PROJECT_NAME@@;
			sourceTree = "<group>";
		};
		929DE7E214AB583E00B9CCFF /* Core */ = {
			isa = PBXGroup;
			children = (
				929DE80714AB593900B9CCFF /* update.c */,
				929DE80814AB593900B9CCFF /* storage.c */,
				929DE80914AB593900B9CCFF /* storage-default.c */,
				929DE80A14AB593900B9CCFF /* config.c */,
				929DE80B14AB593900B9CCFF /* list.c */,
				929DE80C14AB593900B9CCFF /* string.c */,
				929DE80D14AB593900B9CCFF /* dict.c */,
				929DE80E14AB593900B9CCFF /* digest.c */,
				929DE80F14AB593900B9CCFF /* zip.c */,
				929DE81014AB593900B9CCFF /* mem.c */,
				929DE81114AB593900B9CCFF /* openmeap-slic-core.c */,
				929DE81214AB593900B9CCFF /* error.c */,
				929DE81314AB593900B9CCFF /* network.c */,
				929DE81414AB593900B9CCFF /* prefs.c */,
				929DE81514AB593900B9CCFF /* props.c */,
			);
			name = Core;
			sourceTree = "<group>";
		};
		929DE7E314AB584500B9CCFF /* iOS */ = {
			isa = PBXGroup;
			children = (
				929DE7F314AB590100B9CCFF /* OmSlicAppDelegate.h */,
				929DE7EE14AB590100B9CCFF /* OmSlicAppDelegate.m */,
				929DE7EF14AB590100B9CCFF /* OmSlicLoginViewController.h */,
				929DE7F014AB590100B9CCFF /* OmSlicLoginViewController.m */,
				929DE7F214AB590100B9CCFF /* OmSlicViewController.m */,
				929DE7F414AB590100B9CCFF /* OmSlicJsApiProtcol.m */,
				929DE7F514AB590100B9CCFF /* OmSlicViewController.h */,
				929DE7F614AB590100B9CCFF /* OmSlicConnectionHandler.h */,
				929DE7F714AB590100B9CCFF /* OmSlicConnectionHandler.m */,
				929DE7F914AB590100B9CCFF /* OmSlicJsApiProtocol.h */,
				929DE7F814AB590100B9CCFF /* network.m */,
				929DE7F114AB590100B9CCFF /* storage.m */,
				929DE7FA14AB590100B9CCFF /* props.m */,
				929DE7FB14AB590100B9CCFF /* prefs.m */,
			);
			name = iOS;
			sourceTree = "<group>";
		};
		929DE7E414AB584D00B9CCFF /* 3rd Party */ = {
			isa = PBXGroup;
			children = (
				929DE83714AB59DD00B9CCFF /* MD5 */,
				929DE83314AB59BB00B9CCFF /* SHA1 */,
				929DE82F14AB59A100B9CCFF /* cJSON */,
				929DE82514AB596200B9CCFF /* Zip */,
			);
			name = "3rd Party";
			sourceTree = "<group>";
		};
		929DE7E514AB585E00B9CCFF /* Libraries */ = {
			isa = PBXGroup;
			children = (
				929DE7DE14AB57CC00B9CCFF /* libz.dylib */,
			);
			name = Libraries;
			sourceTree = "<group>";
		};
		929DE7E614AB587D00B9CCFF /* Source */ = {
			isa = PBXGroup;
			children = (
				929DE7E414AB584D00B9CCFF /* 3rd Party */,
				929DE7E314AB584500B9CCFF /* iOS */,
				929DE7E214AB583E00B9CCFF /* Core */,
			);
			name = Source;
			sourceTree = "<group>";
		};
		929DE7E714AB589000B9CCFF /* Resources */ = {
			isa = PBXGroup;
			children = (
				84FDA0F419F34E89009E9231 /* Default-568h@2x.png */,
				84FDA0F519F34E89009E9231 /* icon.png */,
				929DE80514AB591C00B9CCFF /* openmeap-ios-api.js */,
				929DE7E914AB58CC00B9CCFF /* OmSlicLoginViewController.xib */,
				929DE7EA14AB58CC00B9CCFF /* OmSlicViewController.xib */,
			);
			name = Resources;
			sourceTree = "<group>";
		};
		929DE82514AB596200B9CCFF /* Zip */ = {
			isa = PBXGroup;
			children = (
				929DE82C14AB599C00B9CCFF /* zip.h */,
				929DE82D14AB599C00B9CCFF /* unzip.h */,
				929DE82E14AB599C00B9CCFF /* ioapi.h */,
				929DE82614AB598900B9CCFF /* unzip.c */,
				929DE82714AB598900B9CCFF /* zip.c */,
				929DE82814AB598900B9CCFF /* ioapi.c */,
			);
			name = Zip;
			sourceTree = "<group>";
		};
		929DE82F14AB59A100B9CCFF /* cJSON */ = {
			isa = PBXGroup;
			children = (
				929DE83014AB59B500B9CCFF /* cJSON.c */,
				929DE83114AB59B500B9CCFF /* cJSON.h */,
			);
			name = cJSON;
			sourceTree = "<group>";
		};
		929DE83314AB59BB00B9CCFF /* SHA1 */ = {
			isa = PBXGroup;
			children = (
				929DE83414AB59CF00B9CCFF /* sha1.h */,
				929DE83514AB59CF00B9CCFF /* sha1.c */,
			);
			name = SHA1;
			sourceTree = "<group>";
		};
		929DE83714AB59DD00B9CCFF /* MD5 */ = {
			isa = PBXGroup;
			children = (
				929DE83814AB59EA00B9CCFF /* md5.h */,
				929DE83914AB59EA00B9CCFF /* md5.c */,
			);
			name = MD5;
			sourceTree = "<group>";
		};
/* End PBXGroup section */

/* Begin PBXNativeTarget section */
		929DE79514AB571800B9CCFF /* @@PROJECT_NAME@@ */ = {
			isa = PBXNativeTarget;
			buildConfigurationList = 929DE7CC14AB571800B9CCFF /* Build configuration list for PBXNativeTarget "@@PROJECT_NAME@@" */;
			buildPhases = (
				929DE79214AB571800B9CCFF /* Sources */,
				929DE79314AB571800B9CCFF /* Frameworks */,
				929DE79414AB571800B9CCFF /* Resources */,
			);
			buildRules = (
			);
			dependencies = (
			);
			name = @@PROJECT_NAME@@;
			productName = @@PROJECT_NAME@@;
			productReference = 929DE79614AB571800B9CCFF /* @@PROJECT_NAME@@.app */;
			productType = "com.apple.product-type.application";
		};
		929DE7B914AB571800B9CCFF /* @@PROJECT_NAME@@Tests */ = {
			isa = PBXNativeTarget;
			buildConfigurationList = 929DE7CF14AB571800B9CCFF /* Build configuration list for PBXNativeTarget "@@PROJECT_NAME@@Tests" */;
			buildPhases = (
				929DE7B514AB571800B9CCFF /* Sources */,
				929DE7B614AB571800B9CCFF /* Frameworks */,
				929DE7B714AB571800B9CCFF /* Resources */,
				929DE7B814AB571800B9CCFF /* ShellScript */,
			);
			buildRules = (
			);
			dependencies = (
				929DE7C014AB571800B9CCFF /* PBXTargetDependency */,
			);
			name = @@PROJECT_NAME@@Tests;
			productName = @@PROJECT_NAME@@Tests;
			productReference = 929DE7BA14AB571800B9CCFF /* @@PROJECT_NAME@@Tests.xctest */;
			productType = "com.apple.product-type.bundle.unit-test";
		};
/* End PBXNativeTarget section */

/* Begin PBXProject section */
		929DE78D14AB571800B9CCFF /* Project object */ = {
			isa = PBXProject;
			attributes = {
				LastTestingUpgradeCheck = 0600;
				LastUpgradeCheck = 0600;
				TargetAttributes = {
					929DE79514AB571800B9CCFF = {
						DevelopmentTeam = 68CQGZLBUH;
					};
				};
			};
			buildConfigurationList = 929DE79014AB571800B9CCFF /* Build configuration list for PBXProject "@@PROJECT_NAME@@" */;
			compatibilityVersion = "Xcode 3.2";
			developmentRegion = English;
			hasScannedForEncodings = 0;
			knownRegions = (
				en,
			);
			mainGroup = 929DE78B14AB571800B9CCFF;
			productRefGroup = 929DE79714AB571800B9CCFF /* Products */;
			projectDirPath = "";
			projectRoot = "";
			targets = (
				929DE79514AB571800B9CCFF /* @@PROJECT_NAME@@ */,
				929DE7B914AB571800B9CCFF /* @@PROJECT_NAME@@Tests */,
			);
		};
/* End PBXProject section */

/* Begin PBXResourcesBuildPhase section */
		929DE79414AB571800B9CCFF /* Resources */ = {
			isa = PBXResourcesBuildPhase;
			buildActionMask = 2147483647;
			files = (
				929DE85114AB60E300B9CCFF /* original in Resources */,
				929DE83F14AB5B8700B9CCFF /* openmeap-ios-api.js in Resources */,
				84FDA0F619F34E89009E9231 /* Default-568h@2x.png in Resources */,
				929DE7A514AB571800B9CCFF /* InfoPlist.strings in Resources */,
				929DE7AE14AB571800B9CCFF /* MainStoryboard_iPhone.storyboard in Resources */,
				929DE7B114AB571800B9CCFF /* MainStoryboard_iPad.storyboard in Resources */,
				84FDA0F719F34E89009E9231 /* icon.png in Resources */,
				929DE7EC14AB58CC00B9CCFF /* OmSlicLoginViewController.xib in Resources */,
				929DE7ED14AB58CC00B9CCFF /* OmSlicViewController.xib in Resources */,
				929DE85414AB63D200B9CCFF /* slic-config.plist in Resources */,
			);
			runOnlyForDeploymentPostprocessing = 0;
		};
		929DE7B714AB571800B9CCFF /* Resources */ = {
			isa = PBXResourcesBuildPhase;
			buildActionMask = 2147483647;
			files = (
				929DE7C614AB571800B9CCFF /* InfoPlist.strings in Resources */,
			);
			runOnlyForDeploymentPostprocessing = 0;
		};
/* End PBXResourcesBuildPhase section */

/* Begin PBXShellScriptBuildPhase section */
		929DE7B814AB571800B9CCFF /* ShellScript */ = {
			isa = PBXShellScriptBuildPhase;
			buildActionMask = 2147483647;
			files = (
			);
			inputPaths = (
			);
			outputPaths = (
			);
			runOnlyForDeploymentPostprocessing = 0;
			shellPath = /bin/sh;
			shellScript = "# Run the unit tests in this test bundle.\n\"${SYSTEM_DEVELOPER_DIR}/Tools/RunUnitTests\"\n";
		};
/* End PBXShellScriptBuildPhase section */

/* Begin PBXSourcesBuildPhase section */
		929DE79214AB571800B9CCFF /* Sources */ = {
			isa = PBXSourcesBuildPhase;
			buildActionMask = 2147483647;
			files = (
				929DE7A714AB571800B9CCFF /* main.m in Sources */,
				929DE7FC14AB590100B9CCFF /* OmSlicAppDelegate.m in Sources */,
				929DE7FD14AB590100B9CCFF /* OmSlicLoginViewController.m in Sources */,
				929DE7FE14AB590100B9CCFF /* storage.m in Sources */,
				929DE7FF14AB590100B9CCFF /* OmSlicViewController.m in Sources */,
				929DE80014AB590100B9CCFF /* OmSlicJsApiProtcol.m in Sources */,
				929DE80114AB590100B9CCFF /* OmSlicConnectionHandler.m in Sources */,
				929DE80214AB590100B9CCFF /* network.m in Sources */,
				929DE80314AB590100B9CCFF /* props.m in Sources */,
				929DE80414AB590100B9CCFF /* prefs.m in Sources */,
				929DE81614AB593900B9CCFF /* update.c in Sources */,
				929DE81714AB593900B9CCFF /* storage.c in Sources */,
				929DE81814AB593900B9CCFF /* storage-default.c in Sources */,
				929DE81914AB593900B9CCFF /* config.c in Sources */,
				929DE81A14AB593900B9CCFF /* list.c in Sources */,
				929DE81B14AB593900B9CCFF /* string.c in Sources */,
				929DE81C14AB593900B9CCFF /* dict.c in Sources */,
				929DE81D14AB593900B9CCFF /* digest.c in Sources */,
				929DE81E14AB593900B9CCFF /* zip.c in Sources */,
				929DE81F14AB593900B9CCFF /* mem.c in Sources */,
				929DE82014AB593900B9CCFF /* openmeap-slic-core.c in Sources */,
				929DE82114AB593900B9CCFF /* error.c in Sources */,
				929DE82214AB593900B9CCFF /* network.c in Sources */,
				929DE82314AB593900B9CCFF /* prefs.c in Sources */,
				929DE82414AB593900B9CCFF /* props.c in Sources */,
				929DE82914AB598900B9CCFF /* unzip.c in Sources */,
				929DE82A14AB598900B9CCFF /* zip.c in Sources */,
				929DE82B14AB598900B9CCFF /* ioapi.c in Sources */,
				929DE83214AB59B500B9CCFF /* cJSON.c in Sources */,
				929DE83614AB59CF00B9CCFF /* sha1.c in Sources */,
				929DE83A14AB59EA00B9CCFF /* md5.c in Sources */,
			);
			runOnlyForDeploymentPostprocessing = 0;
		};
		929DE7B514AB571800B9CCFF /* Sources */ = {
			isa = PBXSourcesBuildPhase;
			buildActionMask = 2147483647;
			files = (
				929DE7C914AB571800B9CCFF /* @@PROJECT_NAME@@Tests.m in Sources */,
			);
			runOnlyForDeploymentPostprocessing = 0;
		};
/* End PBXSourcesBuildPhase section */

/* Begin PBXTargetDependency section */
		929DE7C014AB571800B9CCFF /* PBXTargetDependency */ = {
			isa = PBXTargetDependency;
			target = 929DE79514AB571800B9CCFF /* @@PROJECT_NAME@@ */;
			targetProxy = 929DE7BF14AB571800B9CCFF /* PBXContainerItemProxy */;
		};
/* End PBXTargetDependency section */

/* Begin PBXVariantGroup section */
		929DE7A314AB571800B9CCFF /* InfoPlist.strings */ = {
			isa = PBXVariantGroup;
			children = (
				929DE7A414AB571800B9CCFF /* en */,
			);
			name = InfoPlist.strings;
			sourceTree = "<group>";
		};
		929DE7AC14AB571800B9CCFF /* MainStoryboard_iPhone.storyboard */ = {
			isa = PBXVariantGroup;
			children = (
				929DE7AD14AB571800B9CCFF /* en */,
			);
			name = MainStoryboard_iPhone.storyboard;
			sourceTree = "<group>";
		};
		929DE7AF14AB571800B9CCFF /* MainStoryboard_iPad.storyboard */ = {
			isa = PBXVariantGroup;
			children = (
				929DE7B014AB571800B9CCFF /* en */,
			);
			name = MainStoryboard_iPad.storyboard;
			sourceTree = "<group>";
		};
		929DE7C414AB571800B9CCFF /* InfoPlist.strings */ = {
			isa = PBXVariantGroup;
			children = (
				929DE7C514AB571800B9CCFF /* en */,
			);
			name = InfoPlist.strings;
			sourceTree = "<group>";
		};
/* End PBXVariantGroup section */

/* Begin XCBuildConfiguration section */
		929DE7CA14AB571800B9CCFF /* Debug */ = {
			isa = XCBuildConfiguration;
			buildSettings = {
				ALWAYS_SEARCH_USER_PATHS = NO;
				CLANG_WARN_BOOL_CONVERSION = YES;
				CLANG_WARN_CONSTANT_CONVERSION = YES;
				CLANG_WARN_EMPTY_BODY = YES;
				CLANG_WARN_ENUM_CONVERSION = YES;
				CLANG_WARN_INT_CONVERSION = YES;
				CLANG_WARN_UNREACHABLE_CODE = YES;
				CLANG_WARN__DUPLICATE_METHOD_MATCH = YES;
				"CODE_SIGN_IDENTITY[sdk=iphoneos*]" = "iPhone Developer";
				COPY_PHASE_STRIP = NO;
				ENABLE_STRICT_OBJC_MSGSEND = YES;
				GCC_C_LANGUAGE_STANDARD = gnu99;
				GCC_DYNAMIC_NO_PIC = NO;
				GCC_OPTIMIZATION_LEVEL = 0;
				GCC_PREPROCESSOR_DEFINITIONS = (
					"DEBUG=1",
					"$(inherited)",
				);
				GCC_SYMBOLS_PRIVATE_EXTERN = NO;
				GCC_VERSION = com.apple.compilers.llvm.clang.1_0;
				GCC_WARN_64_TO_32_BIT_CONVERSION = YES;
				GCC_WARN_ABOUT_MISSING_PROTOTYPES = YES;
				GCC_WARN_ABOUT_RETURN_TYPE = YES;
				GCC_WARN_UNDECLARED_SELECTOR = YES;
				GCC_WARN_UNINITIALIZED_AUTOS = YES;
				GCC_WARN_UNUSED_FUNCTION = YES;
				GCC_WARN_UNUSED_VARIABLE = YES;
				HEADER_SEARCH_PATHS = (
					"${OPENMEAP_HOME}/clients/c/openmeap-slic-core/3rd_party",
					"${OPENMEAP_HOME}/clients/c/openmeap-slic-ios/src/c",
					"${OPENMEAP_HOME}/clients/c/openmeap-slic-core/include",
				);
				IPHONEOS_DEPLOYMENT_TARGET = 7.0;
				ONLY_ACTIVE_ARCH = YES;
				OPENMEAP_HOME = @@OPENMEAP_HOME@@;
				SDKROOT = iphoneos;
				TARGETED_DEVICE_FAMILY = "1,2";
			};
			name = Debug;
		};
		929DE7CB14AB571800B9CCFF /* Release */ = {
			isa = XCBuildConfiguration;
			buildSettings = {
				ALWAYS_SEARCH_USER_PATHS = NO;
				CLANG_WARN_BOOL_CONVERSION = YES;
				CLANG_WARN_CONSTANT_CONVERSION = YES;
				CLANG_WARN_EMPTY_BODY = YES;
				CLANG_WARN_ENUM_CONVERSION = YES;
				CLANG_WARN_INT_CONVERSION = YES;
				CLANG_WARN_UNREACHABLE_CODE = YES;
				CLANG_WARN__DUPLICATE_METHOD_MATCH = YES;
				"CODE_SIGN_IDENTITY[sdk=iphoneos*]" = "iPhone Developer";
				COPY_PHASE_STRIP = YES;
				ENABLE_STRICT_OBJC_MSGSEND = YES;
				GCC_C_LANGUAGE_STANDARD = gnu99;
				GCC_VERSION = com.apple.compilers.llvm.clang.1_0;
				GCC_WARN_64_TO_32_BIT_CONVERSION = YES;
				GCC_WARN_ABOUT_MISSING_PROTOTYPES = YES;
				GCC_WARN_ABOUT_RETURN_TYPE = YES;
				GCC_WARN_UNDECLARED_SELECTOR = YES;
				GCC_WARN_UNINITIALIZED_AUTOS = YES;
				GCC_WARN_UNUSED_FUNCTION = YES;
				GCC_WARN_UNUSED_VARIABLE = YES;
				HEADER_SEARCH_PATHS = (
					"${OPENMEAP_HOME}/clients/c/openmeap-slic-core/3rd_party",
					"${OPENMEAP_HOME}/clients/c/openmeap-slic-ios/src/c",
					"${OPENMEAP_HOME}/clients/c/openmeap-slic-core/include",
				);
				IPHONEOS_DEPLOYMENT_TARGET = 7.0;
				OPENMEAP_HOME = @@OPENMEAP_HOME@@;
				OTHER_CFLAGS = "-DNS_BLOCK_ASSERTIONS=1";
				SDKROOT = iphoneos;
				TARGETED_DEVICE_FAMILY = "1,2";
				VALIDATE_PRODUCT = YES;
			};
			name = Release;
		};
		929DE7CD14AB571800B9CCFF /* Debug */ = {
			isa = XCBuildConfiguration;
			buildSettings = {
				CODE_SIGN_IDENTITY = "iPhone Developer";
				GCC_PRECOMPILE_PREFIX_HEADER = YES;
				GCC_PREFIX_HEADER = "@@PROJECT_NAME@@/@@PROJECT_NAME@@-Prefix.pch";
				INFOPLIST_FILE = "@@PROJECT_NAME@@/@@PROJECT_NAME@@-Info.plist";
				PRODUCT_NAME = "$(TARGET_NAME)";
				WRAPPER_EXTENSION = app;
			};
			name = Debug;
		};
		929DE7CE14AB571800B9CCFF /* Release */ = {
			isa = XCBuildConfiguration;
			buildSettings = {
				CODE_SIGN_IDENTITY = "iPhone Developer";
				GCC_PRECOMPILE_PREFIX_HEADER = YES;
				GCC_PREFIX_HEADER = "@@PROJECT_NAME@@/@@PROJECT_NAME@@-Prefix.pch";
				INFOPLIST_FILE = "@@PROJECT_NAME@@/@@PROJECT_NAME@@-Info.plist";
				PRODUCT_NAME = "$(TARGET_NAME)";
				WRAPPER_EXTENSION = app;
			};
			name = Release;
		};
		929DE7D014AB571800B9CCFF /* Debug */ = {
			isa = XCBuildConfiguration;
			buildSettings = {
				ALWAYS_SEARCH_USER_PATHS = NO;
				BUNDLE_LOADER = "$(BUILT_PRODUCTS_DIR)/@@PROJECT_NAME@@.app/@@PROJECT_NAME@@";
				FRAMEWORK_SEARCH_PATHS = (
					"$(SDKROOT)/Developer/Library/Frameworks",
					"$(PLATFORM_DIR)/Developer/Library/Frameworks",
					"$(inherited)",
				);
				GCC_PRECOMPILE_PREFIX_HEADER = YES;
				GCC_PREFIX_HEADER = "@@PROJECT_NAME@@/@@PROJECT_NAME@@-Prefix.pch";
				INFOPLIST_FILE = "@@PROJECT_NAME@@Tests/@@PROJECT_NAME@@Tests-Info.plist";
				PRODUCT_NAME = "$(TARGET_NAME)";
				TEST_HOST = "$(BUNDLE_LOADER)";
				WRAPPER_EXTENSION = xctest;
			};
			name = Debug;
		};
		929DE7D114AB571800B9CCFF /* Release */ = {
			isa = XCBuildConfiguration;
			buildSettings = {
				ALWAYS_SEARCH_USER_PATHS = NO;
				BUNDLE_LOADER = "$(BUILT_PRODUCTS_DIR)/@@PROJECT_NAME@@.app/@@PROJECT_NAME@@";
				FRAMEWORK_SEARCH_PATHS = (
					"$(SDKROOT)/Developer/Library/Frameworks",
					"$(PLATFORM_DIR)/Developer/Library/Frameworks",
					"$(inherited)",
				);
				GCC_PRECOMPILE_PREFIX_HEADER = YES;
				GCC_PREFIX_HEADER = "@@PROJECT_NAME@@/@@PROJECT_NAME@@-Prefix.pch";
				INFOPLIST_FILE = "@@PROJECT_NAME@@Tests/@@PROJECT_NAME@@Tests-Info.plist";
				PRODUCT_NAME = "$(TARGET_NAME)";
				TEST_HOST = "$(BUNDLE_LOADER)";
				WRAPPER_EXTENSION = xctest;
			};
			name = Release;
		};
/* End XCBuildConfiguration section */

/* Begin XCConfigurationList section */
		929DE79014AB571800B9CCFF /* Build configuration list for PBXProject "@@PROJECT_NAME@@" */ = {
			isa = XCConfigurationList;
			buildConfigurations = (
				929DE7CA14AB571800B9CCFF /* Debug */,
				929DE7CB14AB571800B9CCFF /* Release */,
			);
			defaultConfigurationIsVisible = 0;
			defaultConfigurationName = Release;
		};
		929DE7CC14AB571800B9CCFF /* Build configuration list for PBXNativeTarget "@@PROJECT_NAME@@" */ = {
			isa = XCConfigurationList;
			buildConfigurations = (
				929DE7CD14AB571800B9CCFF /* Debug */,
				929DE7CE14AB571800B9CCFF /* Release */,
			);
			defaultConfigurationIsVisible = 0;
			defaultConfigurationName = Release;
		};
		929DE7CF14AB571800B9CCFF /* Build configuration list for PBXNativeTarget "@@PROJECT_NAME@@Tests" */ = {
			isa = XCConfigurationList;
			buildConfigurations = (
				929DE7D014AB571800B9CCFF /* Debug */,
				929DE7D114AB571800B9CCFF /* Release */,
			);
			defaultConfigurationIsVisible = 0;
			defaultConfigurationName = Release;
		};
/* End XCConfigurationList section */
	};
	rootObject = 929DE78D14AB571800B9CCFF /* Project object */;
}
